
Microsoft Visual Studio Solution File, Format Version 12.00
# Visual Studio Version 16
VisualStudioVersion = 16.0.34031.81
MinimumVisualStudioVersion = 10.0.40219.1
Project("{8BC9CEB8-8B4A-11D0-8D11-00A0C91BC942}") = "CrNocodeSDK", "CrNocodeSDK.vcxproj", "{D1E36939-AAB0-3CB9-A189-4AB62F25C25D}"
EndProject
Global
	GlobalSection(SolutionConfigurationPlatforms) = preSolution
		Debug|x64 = Debug|x64
		Debug82|x64 = Debug82|x64
		Release|x64 = Release|x64
		Release82|x64 = Release82|x64
	EndGlobalSection
	GlobalSection(ProjectConfigurationPlatforms) = postSolution
		{D1E36939-AAB0-3CB9-A189-4AB62F25C25D}.Debug|x64.ActiveCfg = Debug|x64
		{D1E36939-AAB0-3CB9-A189-4AB62F25C25D}.Debug|x64.Build.0 = Debug|x64
		{D1E36939-AAB0-3CB9-A189-4AB62F25C25D}.Debug82|x64.ActiveCfg = Debug82|x64
		{D1E36939-AAB0-3CB9-A189-4AB62F25C25D}.Debug82|x64.Build.0 = Debug82|x64
		{D1E36939-AAB0-3CB9-A189-4AB62F25C25D}.Release|x64.ActiveCfg = Release|x64
		{D1E36939-AAB0-3CB9-A189-4AB62F25C25D}.Release|x64.Build.0 = Release|x64
		{D1E36939-AAB0-3CB9-A189-4AB62F25C25D}.Release82|x64.ActiveCfg = Release82|x64
		{D1E36939-AAB0-3CB9-A189-4AB62F25C25D}.Release82|x64.Build.0 = Release82|x64
	EndGlobalSection
	GlobalSection(SolutionProperties) = preSolution
		HideSolutionNode = FALSE
	EndGlobalSection
	GlobalSection(ExtensibilityGlobals) = postSolution
		SolutionGuid = {34CF1125-018B-39C7-B9BA-5139B8C24069}
	EndGlobalSection
EndGlobal
